// !$*UTF8*$!
{
	archiveVersion = 1;
	classes = {
	};
	objectVersion = 46;
	objects = {

/* Begin PBXBuildFile section */
		A68025101B30ECB20043AAC1 /* AppDelegate.swift in Sources */ = {isa = PBXBuildFile; fileRef = A680250F1B30ECB20043AAC1 /* AppDelegate.swift */; };
		A68025131B30ECB20043AAC1 /* GroceryList.xcdatamodeld in Sources */ = {isa = PBXBuildFile; fileRef = A68025111B30ECB20043AAC1 /* GroceryList.xcdatamodeld */; };
		A68025151B30ECB20043AAC1 /* MainVC.swift in Sources */ = {isa = PBXBuildFile; fileRef = A68025141B30ECB20043AAC1 /* MainVC.swift */; };
		A68025181B30ECB20043AAC1 /* Main.storyboard in Resources */ = {isa = PBXBuildFile; fileRef = A68025161B30ECB20043AAC1 /* Main.storyboard */; };
		A680251A1B30ECB30043AAC1 /* Images.xcassets in Resources */ = {isa = PBXBuildFile; fileRef = A68025191B30ECB30043AAC1 /* Images.xcassets */; };
		A680251D1B30ECB30043AAC1 /* LaunchScreen.xib in Resources */ = {isa = PBXBuildFile; fileRef = A680251B1B30ECB30043AAC1 /* LaunchScreen.xib */; };
		A68025291B30ECB30043AAC1 /* GroceryListTests.swift in Sources */ = {isa = PBXBuildFile; fileRef = A68025281B30ECB30043AAC1 /* GroceryListTests.swift */; };
		A68025331B30EE130043AAC1 /* List.swift in Sources */ = {isa = PBXBuildFile; fileRef = A68025321B30EE130043AAC1 /* List.swift */; };
		A68025351B30EFC60043AAC1 /* TableVC.swift in Sources */ = {isa = PBXBuildFile; fileRef = A68025341B30EFC60043AAC1 /* TableVC.swift */; };
/* End PBXBuildFile section */

/* Begin PBXContainerItemProxy section */
		A68025231B30ECB30043AAC1 /* PBXContainerItemProxy */ = {
			isa = PBXContainerItemProxy;
			containerPortal = A68025021B30ECB20043AAC1 /* Project object */;
			proxyType = 1;
			remoteGlobalIDString = A68025091B30ECB20043AAC1;
			remoteInfo = GroceryList;
		};
/* End PBXContainerItemProxy section */

/* Begin PBXFileReference section */
		A680250A1B30ECB20043AAC1 /* GroceryList.app */ = {isa = PBXFileReference; explicitFileType = wrapper.application; includeInIndex = 0; path = GroceryList.app; sourceTree = BUILT_PRODUCTS_DIR; };
		A680250E1B30ECB20043AAC1 /* Info.plist */ = {isa = PBXFileReference; lastKnownFileType = text.plist.xml; path = Info.plist; sourceTree = "<group>"; };
		A680250F1B30ECB20043AAC1 /* AppDelegate.swift */ = {isa = PBXFileReference; lastKnownFileType = sourcecode.swift; path = AppDelegate.swift; sourceTree = "<group>"; };
		A68025121B30ECB20043AAC1 /* GroceryList.xcdatamodel */ = {isa = PBXFileReference; lastKnownFileType = wrapper.xcdatamodel; path = GroceryList.xcdatamodel; sourceTree = "<group>"; };
		A68025141B30ECB20043AAC1 /* MainVC.swift */ = {isa = PBXFileReference; lastKnownFileType = sourcecode.swift; path = MainVC.swift; sourceTree = "<group>"; };
		A68025171B30ECB20043AAC1 /* Base */ = {isa = PBXFileReference; lastKnownFileType = file.storyboard; name = Base; path = Base.lproj/Main.storyboard; sourceTree = "<group>"; };
		A68025191B30ECB30043AAC1 /* Images.xcassets */ = {isa = PBXFileReference; lastKnownFileType = folder.assetcatalog; path = Images.xcassets; sourceTree = "<group>"; };
		A680251C1B30ECB30043AAC1 /* Base */ = {isa = PBXFileReference; lastKnownFileType = file.xib; name = Base; path = Base.lproj/LaunchScreen.xib; sourceTree = "<group>"; };
		A68025221B30ECB30043AAC1 /* GroceryListTests.xctest */ = {isa = PBXFileReference; explicitFileType = wrapper.cfbundle; includeInIndex = 0; path = GroceryListTests.xctest; sourceTree = BUILT_PRODUCTS_DIR; };
		A68025271B30ECB30043AAC1 /* Info.plist */ = {isa = PBXFileReference; lastKnownFileType = text.plist.xml; path = Info.plist; sourceTree = "<group>"; };
		A68025281B30ECB30043AAC1 /* GroceryListTests.swift */ = {isa = PBXFileReference; lastKnownFileType = sourcecode.swift; path = GroceryListTests.swift; sourceTree = "<group>"; };
		A68025321B30EE130043AAC1 /* List.swift */ = {isa = PBXFileReference; fileEncoding = 4; lastKnownFileType = sourcecode.swift; name = List.swift; path = GroceryList.xcodeproj/../List.swift; sourceTree = SOURCE_ROOT; };
		A68025341B30EFC60043AAC1 /* TableVC.swift */ = {isa = PBXFileReference; fileEncoding = 4; lastKnownFileType = sourcecode.swift; path = TableVC.swift; sourceTree = "<group>"; };
/* End PBXFileReference section */

/* Begin PBXFrameworksBuildPhase section */
		A68025071B30ECB20043AAC1 /* Frameworks */ = {
			isa = PBXFrameworksBuildPhase;
			buildActionMask = 2147483647;
			files = (
			);
			runOnlyForDeploymentPostprocessing = 0;
		};
		A680251F1B30ECB30043AAC1 /* Frameworks */ = {
			isa = PBXFrameworksBuildPhase;
			buildActionMask = 2147483647;
			files = (
			);
			runOnlyForDeploymentPostprocessing = 0;
		};
/* End PBXFrameworksBuildPhase section */

/* Begin PBXGroup section */
		A68025011B30ECB20043AAC1 = {
			isa = PBXGroup;
			children = (
				A680250C1B30ECB20043AAC1 /* GroceryList */,
				A68025251B30ECB30043AAC1 /* GroceryListTests */,
				A680250B1B30ECB20043AAC1 /* Products */,
			);
			sourceTree = "<group>";
		};
		A680250B1B30ECB20043AAC1 /* Products */ = {
			isa = PBXGroup;
			children = (
				A680250A1B30ECB20043AAC1 /* GroceryList.app */,
				A68025221B30ECB30043AAC1 /* GroceryListTests.xctest */,
			);
			name = Products;
			sourceTree = "<group>";
		};
		A680250C1B30ECB20043AAC1 /* GroceryList */ = {
			isa = PBXGroup;
			children = (
				A680250F1B30ECB20043AAC1 /* AppDelegate.swift */,
				A68025141B30ECB20043AAC1 /* MainVC.swift */,
				A68025161B30ECB20043AAC1 /* Main.storyboard */,
				A68025341B30EFC60043AAC1 /* TableVC.swift */,
				A68025191B30ECB30043AAC1 /* Images.xcassets */,
				A680251B1B30ECB30043AAC1 /* LaunchScreen.xib */,
				A68025111B30ECB20043AAC1 /* GroceryList.xcdatamodeld */,
				A680250D1B30ECB20043AAC1 /* Supporting Files */,
			);
			path = GroceryList;
			sourceTree = "<group>";
		};
		A680250D1B30ECB20043AAC1 /* Supporting Files */ = {
			isa = PBXGroup;
			children = (
				A68025321B30EE130043AAC1 /* List.swift */,
				A680250E1B30ECB20043AAC1 /* Info.plist */,
			);
			name = "Supporting Files";
			sourceTree = "<group>";
		};
		A68025251B30ECB30043AAC1 /* GroceryListTests */ = {
			isa = PBXGroup;
			children = (
				A68025281B30ECB30043AAC1 /* GroceryListTests.swift */,
				A68025261B30ECB30043AAC1 /* Supporting Files */,
			);
			path = GroceryListTests;
			sourceTree = "<group>";
		};
		A68025261B30ECB30043AAC1 /* Supporting Files */ = {
			isa = PBXGroup;
			children = (
				A68025271B30ECB30043AAC1 /* Info.plist */,
			);
			name = "Supporting Files";
			sourceTree = "<group>";
		};
/* End PBXGroup section */

/* Begin PBXNativeTarget section */
		A68025091B30ECB20043AAC1 /* GroceryList */ = {
			isa = PBXNativeTarget;
			buildConfigurationList = A680252C1B30ECB30043AAC1 /* Build configuration list for PBXNativeTarget "GroceryList" */;
			buildPhases = (
				A68025061B30ECB20043AAC1 /* Sources */,
				A68025071B30ECB20043AAC1 /* Frameworks */,
				A68025081B30ECB20043AAC1 /* Resources */,
			);
			buildRules = (
			);
			dependencies = (
			);
			name = GroceryList;
			productName = GroceryList;
			productReference = A680250A1B30ECB20043AAC1 /* GroceryList.app */;
			productType = "com.apple.product-type.application";
		};
		A68025211B30ECB30043AAC1 /* GroceryListTests */ = {
			isa = PBXNativeTarget;
			buildConfigurationList = A680252F1B30ECB30043AAC1 /* Build configuration list for PBXNativeTarget "GroceryListTests" */;
			buildPhases = (
				A680251E1B30ECB30043AAC1 /* Sources */,
				A680251F1B30ECB30043AAC1 /* Frameworks */,
				A68025201B30ECB30043AAC1 /* Resources */,
			);
			buildRules = (
			);
			dependencies = (
				A68025241B30ECB30043AAC1 /* PBXTargetDependency */,
			);
			name = GroceryListTests;
			productName = GroceryListTests;
			productReference = A68025221B30ECB30043AAC1 /* GroceryListTests.xctest */;
			productType = "com.apple.product-type.bundle.unit-test";
		};
/* End PBXNativeTarget section */

/* Begin PBXProject section */
		A68025021B30ECB20043AAC1 /* Project object */ = {
			isa = PBXProject;
			attributes = {
				LastUpgradeCheck = 0630;
				ORGANIZATIONNAME = "Andres Sandoval";
				TargetAttributes = {
					A68025091B30ECB20043AAC1 = {
						CreatedOnToolsVersion = 6.3.2;
					};
					A68025211B30ECB30043AAC1 = {
						CreatedOnToolsVersion = 6.3.2;
						TestTargetID = A68025091B30ECB20043AAC1;
					};
				};
			};
			buildConfigurationList = A68025051B30ECB20043AAC1 /* Build configuration list for PBXProject "GroceryList" */;
			compatibilityVersion = "Xcode 3.2";
			developmentRegion = English;
			hasScannedForEncodings = 0;
			knownRegions = (
				en,
				Base,
			);
			mainGroup = A68025011B30ECB20043AAC1;
			productRefGroup = A680250B1B30ECB20043AAC1 /* Products */;
			projectDirPath = "";
			projectRoot = "";
			targets = (
				A68025091B30ECB20043AAC1 /* GroceryList */,
				A68025211B30ECB30043AAC1 /* GroceryListTests */,
			);
		};
/* End PBXProject section */

/* Begin PBXResourcesBuildPhase section */
		A68025081B30ECB20043AAC1 /* Resources */ = {
			isa = PBXResourcesBuildPhase;
			buildActionMask = 2147483647;
			files = (
				A68025181B30ECB20043AAC1 /* Main.storyboard in Resources */,
				A680251D1B30ECB30043AAC1 /* LaunchScreen.xib in Resources */,
				A680251A1B30ECB30043AAC1 /* Images.xcassets in Resources */,
			);
			runOnlyForDeploymentPostprocessing = 0;
		};
		A68025201B30ECB30043AAC1 /* Resources */ = {
			isa = PBXResourcesBuildPhase;
			buildActionMask = 2147483647;
			files = (
			);
			runOnlyForDeploymentPostprocessing = 0;
		};
/* End PBXResourcesBuildPhase section */

/* Begin PBXSourcesBuildPhase section */
		A68025061B30ECB20043AAC1 /* Sources */ = {
			isa = PBXSourcesBuildPhase;
			buildActionMask = 2147483647;
			files = (
				A68025151B30ECB20043AAC1 /* MainVC.swift in Sources */,
				A68025331B30EE130043AAC1 /* List.swift in Sources */,
				A68025101B30ECB20043AAC1 /* AppDelegate.swift in Sources */,
				A68025351B30EFC60043AAC1 /* TableVC.swift in Sources */,
				A68025131B30ECB20043AAC1 /* GroceryList.xcdatamodeld in Sources */,
			);
			runOnlyForDeploymentPostprocessing = 0;
		};
		A680251E1B30ECB30043AAC1 /* Sources */ = {
			isa = PBXSourcesBuildPhase;
			buildActionMask = 2147483647;
			files = (
				A68025291B30ECB30043AAC1 /* GroceryListTests.swift in Sources */,
			);
			runOnlyForDeploymentPostprocessing = 0;
		};
/* End PBXSourcesBuildPhase section */

/* Begin PBXTargetDependency section */
		A68025241B30ECB30043AAC1 /* PBXTargetDependency */ = {
			isa = PBXTargetDependency;
			target = A68025091B30ECB20043AAC1 /* GroceryList */;
			targetProxy = A68025231B30ECB30043AAC1 /* PBXContainerItemProxy */;
		};
/* End PBXTargetDependency section */

/* Begin PBXVariantGroup section */
		A68025161B30ECB20043AAC1 /* Main.storyboard */ = {
			isa = PBXVariantGroup;
			children = (
				A68025171B30ECB20043AAC1 /* Base */,
			);
			name = Main.storyboard;
			sourceTree = "<group>";
		};
		A680251B1B30ECB30043AAC1 /* LaunchScreen.xib */ = {
			isa = PBXVariantGroup;
			children = (
				A680251C1B30ECB30043AAC1 /* Base */,
			);
			name = LaunchScreen.xib;
			sourceTree = "<group>";
		};
/* End PBXVariantGroup section */

/* Begin XCBuildConfiguration section */
		A680252A1B30ECB30043AAC1 /* Debug */ = {
			isa = XCBuildConfiguration;
			buildSettings = {
				ALWAYS_SEARCH_USER_PATHS = NO;
				CLANG_CXX_LANGUAGE_STANDARD = "gnu++0x";
				CLANG_CXX_LIBRARY = "libc++";
				CLANG_ENABLE_MODULES = YES;
				CLANG_ENABLE_OBJC_ARC = YES;
				CLANG_WARN_BOOL_CONVERSION = YES;
				CLANG_WARN_CONSTANT_CONVERSION = YES;
				CLANG_WARN_DIRECT_OBJC_ISA_USAGE = YES_ERROR;
				CLANG_WARN_EMPTY_BODY = YES;
				CLANG_WARN_ENUM_CONVERSION = YES;
				CLANG_WARN_INT_CONVERSION = YES;
				CLANG_WARN_OBJC_ROOT_CLASS = YES_ERROR;
				CLANG_WARN_UNREACHABLE_CODE = YES;
				CLANG_WARN__DUPLICATE_METHOD_MATCH = YES;
				"CODE_SIGN_IDENTITY[sdk=iphoneos*]" = "iPhone Developer";
				COPY_PHASE_STRIP = NO;
				DEBUG_INFORMATION_FORMAT = "dwarf-with-dsym";
				ENABLE_STRICT_OBJC_MSGSEND = YES;
				GCC_C_LANGUAGE_STANDARD = gnu99;
				GCC_DYNAMIC_NO_PIC = NO;
				GCC_NO_COMMON_BLOCKS = YES;
				GCC_OPTIMIZATION_LEVEL = 0;
				GCC_PREPROCESSOR_DEFINITIONS = (
					"DEBUG=1",
					"$(inherited)",
				);
				GCC_SYMBOLS_PRIVATE_EXTERN = NO;
				GCC_WARN_64_TO_32_BIT_CONVERSION = YES;
				GCC_WARN_ABOUT_RETURN_TYPE = YES_ERROR;
				GCC_WARN_UNDECLARED_SELECTOR = YES;
				GCC_WARN_UNINITIALIZED_AUTOS = YES_AGGRESSIVE;
				GCC_WARN_UNUSED_FUNCTION = YES;
				GCC_WARN_UNUSED_VARIABLE = YES;
				IPHONEOS_DEPLOYMENT_TARGET = 8.3;
				MTL_ENABLE_DEBUG_INFO = YES;
				ONLY_ACTIVE_ARCH = YES;
				SDKROOT = iphoneos;
				SWIFT_OPTIMIZATION_LEVEL = "-Onone";
			};
			name = Debug;
		};
		A680252B1B30ECB30043AAC1 /* Release */ = {
			isa = XCBuildConfiguration;
			buildSettings = {
				ALWAYS_SEARCH_USER_PATHS = NO;
				CLANG_CXX_LANGUAGE_STANDARD = "gnu++0x";
				CLANG_CXX_LIBRARY = "libc++";
				CLANG_ENABLE_MODULES = YES;
				CLANG_ENABLE_OBJC_ARC = YES;
				CLANG_WARN_BOOL_CONVERSION = YES;
				CLANG_WARN_CONSTANT_CONVERSION = YES;
				CLANG_WARN_DIRECT_OBJC_ISA_USAGE = YES_ERROR;
				CLANG_WARN_EMPTY_BODY = YES;
				CLANG_WARN_ENUM_CONVERSION = YES;
				CLANG_WARN_INT_CONVERSION = YES;
				CLANG_WARN_OBJC_ROOT_CLASS = YES_ERROR;
				CLANG_WARN_UNREACHABLE_CODE = YES;
				CLANG_WARN__DUPLICATE_METHOD_MATCH = YES;
				"CODE_SIGN_IDENTITY[sdk=iphoneos*]" = "iPhone Developer";
				COPY_PHASE_STRIP = NO;
				DEBUG_INFORMATION_FORMAT = "dwarf-with-dsym";
				ENABLE_NS_ASSERTIONS = NO;
				ENABLE_STRICT_OBJC_MSGSEND = YES;
				GCC_C_LANGUAGE_STANDARD = gnu99;
				GCC_NO_COMMON_BLOCKS = YES;
				GCC_WARN_64_TO_32_BIT_CONVERSION = YES;
				GCC_WARN_ABOUT_RETURN_TYPE = YES_ERROR;
				GCC_WARN_UNDECLARED_SELECTOR = YES;
				GCC_WARN_UNINITIALIZED_AUTOS = YES_AGGRESSIVE;
				GCC_WARN_UNUSED_FUNCTION = YES;
				GCC_WARN_UNUSED_VARIABLE = YES;
				IPHONEOS_DEPLOYMENT_TARGET = 8.3;
				MTL_ENABLE_DEBUG_INFO = NO;
				SDKROOT = iphoneos;
				VALIDATE_PRODUCT = YES;
			};
			name = Release;
		};
		A680252D1B30ECB30043AAC1 /* Debug */ = {
			isa = XCBuildConfiguration;
			buildSettings = {
				ASSETCATALOG_COMPILER_APPICON_NAME = AppIcon;
				INFOPLIST_FILE = GroceryList/Info.plist;
				LD_RUNPATH_SEARCH_PATHS = "$(inherited) @executable_path/Frameworks";
				PRODUCT_NAME = "$(TARGET_NAME)";
			};
			name = Debug;
		};
		A680252E1B30ECB30043AAC1 /* Release */ = {
			isa = XCBuildConfiguration;
			buildSettings = {
				ASSETCATALOG_COMPILER_APPICON_NAME = AppIcon;
				INFOPLIST_FILE = GroceryList/Info.plist;
				LD_RUNPATH_SEARCH_PATHS = "$(inherited) @executable_path/Frameworks";
				PRODUCT_NAME = "$(TARGET_NAME)";
			};
			name = Release;
		};
		A68025301B30ECB30043AAC1 /* Debug */ = {
			isa = XCBuildConfiguration;
			buildSettings = {
				BUNDLE_LOADER = "$(TEST_HOST)";
				FRAMEWORK_SEARCH_PATHS = (
					"$(SDKROOT)/Developer/Library/Frameworks",
					"$(inherited)",
				);
				GCC_PREPROCESSOR_DEFINITIONS = (
					"DEBUG=1",
					"$(inherited)",
				);
				INFOPLIST_FILE = GroceryListTests/Info.plist;
				LD_RUNPATH_SEARCH_PATHS = "$(inherited) @executable_path/Frameworks @loader_path/Frameworks";
				PRODUCT_NAME = "$(TARGET_NAME)";
				TEST_HOST = "$(BUILT_PRODUCTS_DIR)/GroceryList.app/GroceryList";
			};
			name = Debug;
		};
		A68025311B30ECB30043AAC1 /* Release */ = {
			isa = XCBuildConfiguration;
			buildSettings = {
				BUNDLE_LOADER = "$(TEST_HOST)";
				FRAMEWORK_SEARCH_PATHS = (
					"$(SDKROOT)/Developer/Library/Frameworks",
					"$(inherited)",
				);
				INFOPLIST_FILE = GroceryListTests/Info.plist;
				LD_RUNPATH_SEARCH_PATHS = "$(inherited) @executable_path/Frameworks @loader_path/Frameworks";
				PRODUCT_NAME = "$(TARGET_NAME)";
				TEST_HOST = "$(BUILT_PRODUCTS_DIR)/GroceryList.app/GroceryList";
			};
			name = Release;
		};
/* End XCBuildConfiguration section */

/* Begin XCConfigurationList section */
		A68025051B30ECB20043AAC1 /* Build configuration list for PBXProject "GroceryList" */ = {
			isa = XCConfigurationList;
			buildConfigurations = (
				A680252A1B30ECB30043AAC1 /* Debug */,
				A680252B1B30ECB30043AAC1 /* Release */,
			);
			defaultConfigurationIsVisible = 0;
			defaultConfigurationName = Release;
		};
		A680252C1B30ECB30043AAC1 /* Build configuration list for PBXNativeTarget "GroceryList" */ = {
			isa = XCConfigurationList;
			buildConfigurations = (
				A680252D1B30ECB30043AAC1 /* Debug */,
				A680252E1B30ECB30043AAC1 /* Release */,
			);
			defaultConfigurationIsVisible = 0;
		};
		A680252F1B30ECB30043AAC1 /* Build configuration list for PBXNativeTarget "GroceryListTests" */ = {
			isa = XCConfigurationList;
			buildConfigurations = (
				A68025301B30ECB30043AAC1 /* Debug */,
				A68025311B30ECB30043AAC1 /* Release */,
			);
			defaultConfigurationIsVisible = 0;
		};
/* End XCConfigurationList section */

/* Begin XCVersionGroup section */
		A68025111B30ECB20043AAC1 /* GroceryList.xcdatamodeld */ = {
			isa = XCVersionGroup;
			children = (
				A68025121B30ECB20043AAC1 /* GroceryList.xcdatamodel */,
			);
			currentVersion = A68025121B30ECB20043AAC1 /* GroceryList.xcdatamodel */;
			path = GroceryList.xcdatamodeld;
			sourceTree = "<group>";
			versionGroupType = wrapper.xcdatamodel;
		};
/* End XCVersionGroup section */
	};
	rootObject = A68025021B30ECB20043AAC1 /* Project object */;
}
